# THIS IS AN AUTOGENERATED FILE. DO NOT EDIT THIS FILE DIRECTLY.
# yarn lockfile v1


"@types/node@^16.18.0":
  version "16.18.126"
  resolved "http://registry.npm.qima-inc.com/@types/node/download/@types/node-16.18.126.tgz#27875faa2926c0f475b39a8bb1e546c0176f8d4b"
  integrity sha1-J4dfqikmwPR1s5qLseVGwBdvjUs=

"@types/vscode@^1.74.0":
  version "1.96.0"
  resolved "http://registry.npm.qima-inc.com/@types/vscode/download/@types/vscode-1.96.0.tgz#3181004bf25d71677ae4aacdd7605a3fd7edf08e"
  integrity sha1-MYEAS/JdcWd65KrN12BaP9ft8I4=

typescript@^4.9.0:
  version "4.9.5"
  resolved "http://registry.npm.qima-inc.com/typescript/download/typescript-4.9.5.tgz#095979f9bcc0d09da324d58d03ce8f8374cbe65a"
  integrity sha1-CVl5+bzA0J2jJNWNA86Pg3TL5lo=
